{
  "name": "studio-runtime-conformance",
  "version": "0.1.0",
  "lockfileVersion": 3,
  "requires": true,
  "packages": {
    "": {
      "name": "studio-runtime-conformance",
      "version": "0.1.0",
      "devDependencies": {
        "babylonjs": "^9.25.0",
        "playcanvas": "^2.16.0",
        "three": "^0.182.0"
      }
    },
    "node_modules/@types/webxr": {
      "version": "0.5.24",
      "resolved": "https://registry.npmjs.org/@types/webxr/-/webxr-0.5.24.tgz",
      "integrity": "sha512-h8fgEd/DpoS9CBrjEQXR+dIDraopAEfu4wYVNY2tEPwk60stPWhvZMf4Foo5FakuQ7HFZoa8WceaWFervK2Ovg==",
      "dev": true,
      "license": "MIT"
    },
    "node_modules/@webgpu/types": {
      "version": "0.1.72",
      "resolved": "https://registry.npmjs.org/@webgpu/types/-/types-0.1.72.tgz",
      "integrity": "sha512-0cF7RFM2edNoiIS1ODJp0/Gzv4/xSXhwoR0YCza+OWpJWtn4wmo9DvK91aLlH9+uUnwIriP7ZiC3WitmyhuzBw==",
      "dev": true,
      "license": "BSD-3-Clause"
    },
    "node_modules/babylonjs": {
      "version": "9.25.0",
      "resolved": "https://registry.npmjs.org/babylonjs/-/babylonjs-9.25.0.tgz",
      "integrity": "sha512-1hqtHr21ahlOYePM/DeWqhO4kUh9LPrbSjefTjdnSkmKnNqt8eYAxkFDYwk88hLUzY2FhPx7WJBG6ZRshCIxMQ==",
      "dev": true,
      "hasInstallScript": true,
      "license": "Apache-2.0"
    },
    "node_modules/playcanvas": {
      "version": "2.22.0",
      "resolved": "https://registry.npmjs.org/playcanvas/-/playcanvas-2.22.0.tgz",
      "integrity": "sha512-EuapzvDRVV6pO1xseTynt/1Z5dWDCEUa2KR2o6ExYrDnfRNz83kNT2ieWyQoJB6THO7GLBZbRB0EP/RZrsfUHg==",
      "dev": true,
      "license": "MIT",
      "dependencies": {
        "@types/webxr": "^0.5.24",
        "@webgpu/types": "^0.1.70"
      },
      "engines": {
        "node": ">=18.3.0"
      }
    },
    "node_modules/three": {
      "version": "0.182.0",
      "resolved": "https://registry.npmjs.org/three/-/three-0.182.0.tgz",
      "integrity": "sha512-GbHabT+Irv+ihI1/f5kIIsZ+Ef9Sl5A1Y7imvS5RQjWgtTPfPnZ43JmlYI7NtCRDK9zir20lQpfg8/9Yd02OvQ==",
      "dev": true,
      "license": "MIT"
    }
  }
}
